Microsoft Visual Studio Solution File, Format Version 12.00
# Visual Studio Version 17
VisualStudioVersion = 17.5.2.0
MinimumVisualStudioVersion = 10.0.40219.1
Project("{FAE04EC0-301F-11D3-BF4B-00C04F79EFBC}") = "DirectoryManagementAPI", "DirectoryManagementAPI.csproj", "{21822CFD-8770-7495-F5F8-F3C6B992B11B}"
EndProject
Global
	GlobalSection(SolutionConfigurationPlatforms) = preSolution
		Debug|Any CPU = Debug|Any CPU
		Release|Any CPU = Release|Any CPU
	EndGlobalSection
	GlobalSection(ProjectConfigurationPlatforms) = postSolution
		{21822CFD-8770-7495-F5F8-F3C6B992B11B}.Debug|Any CPU.ActiveCfg = Debug|Any CPU
		{21822CFD-8770-7495-F5F8-F3C6B992B11B}.Debug|Any CPU.Build.0 = Debug|Any CPU
		{21822CFD-8770-7495-F5F8-F3C6B992B11B}.Release|Any CPU.ActiveCfg = Release|Any CPU
		{21822CFD-8770-7495-F5F8-F3C6B992B11B}.Release|Any CPU.Build.0 = Release|Any CPU
	EndGlobalSection
	GlobalSection(SolutionProperties) = preSolution
		HideSolutionNode = FALSE
	EndGlobalSection
	GlobalSection(ExtensibilityGlobals) = postSolution
		SolutionGuid = {34C605E9-0184-444C-8987-DED7CBB5D741}
	EndGlobalSection
EndGlobal
